
Microsoft Visual Studio Solution File, Format Version 12.00
# Visual Studio Version 17
VisualStudioVersion = 17.14.36301.6
MinimumVisualStudioVersion = 10.0.40219.1
Project("{FAE04EC0-301F-11D3-BF4B-00C04F79EFBC}") = "Tweaks", "Tweaks.csproj", "{19FDB00B-6487-4700-84D0-9A894568B223}"
EndProject
Project("{FAE04EC0-301F-11D3-BF4B-00C04F79EFBC}") = "CWAPI", "..\CWAPI\CWAPI.csproj", "{324B2DF4-4F93-4FD8-BB93-189600D6A41C}"
EndProject
Global
	GlobalSection(SolutionConfigurationPlatforms) = preSolution
		Debug|Any CPU = Debug|Any CPU
		Release|Any CPU = Release|Any CPU
	EndGlobalSection
	GlobalSection(ProjectConfigurationPlatforms) = postSolution
		{19FDB00B-6487-4700-84D0-9A894568B223}.Debug|Any CPU.ActiveCfg = Debug|Any CPU
		{19FDB00B-6487-4700-84D0-9A894568B223}.Debug|Any CPU.Build.0 = Debug|Any CPU
		{19FDB00B-6487-4700-84D0-9A894568B223}.Release|Any CPU.ActiveCfg = Release|Any CPU
		{19FDB00B-6487-4700-84D0-9A894568B223}.Release|Any CPU.Build.0 = Release|Any CPU
		{324B2DF4-4F93-4FD8-BB93-189600D6A41C}.Debug|Any CPU.ActiveCfg = Debug|Any CPU
		{324B2DF4-4F93-4FD8-BB93-189600D6A41C}.Debug|Any CPU.Build.0 = Debug|Any CPU
		{324B2DF4-4F93-4FD8-BB93-189600D6A41C}.Release|Any CPU.ActiveCfg = Release|Any CPU
		{324B2DF4-4F93-4FD8-BB93-189600D6A41C}.Release|Any CPU.Build.0 = Release|Any CPU
	EndGlobalSection
	GlobalSection(SolutionProperties) = preSolution
		HideSolutionNode = FALSE
	EndGlobalSection
	GlobalSection(ExtensibilityGlobals) = postSolution
		SolutionGuid = {3E278948-C397-4F6B-BB9F-4633D1B596FE}
	EndGlobalSection
EndGlobal
